// !$*UTF8*$!
{
	archiveVersion = 1;
	classes = {
	};
	objectVersion = 54;
	objects = {

/* Begin PBXBuildFile section */
		2F37079A9FAADF204693E2E2 /* Pods_InfoCineTest.framework in Frameworks */ = {isa = PBXBuildFile; fileRef = 8E6163211B9E7AD2D14AC22C /* Pods_InfoCineTest.framework */; };
		AB29B54AF2875A1F04F2095C /* Pods_Movie_Serie.framework in Frameworks */ = {isa = PBXBuildFile; fileRef = 1F0F79701F620C8DDB521A81 /* Pods_Movie_Serie.framework */; };
		BA045E7F286FC62600AF34C4 /* InfoContainerViewCell.swift in Sources */ = {isa = PBXBuildFile; fileRef = BA045E7E286FC62600AF34C4 /* InfoContainerViewCell.swift */; };
		BA045E812872693B00AF34C4 /* MovieDetailsTableView.swift in Sources */ = {isa = PBXBuildFile; fileRef = BA045E802872693A00AF34C4 /* MovieDetailsTableView.swift */; };
		BA045E8328726AF300AF34C4 /* DetailsViewCell.swift in Sources */ = {isa = PBXBuildFile; fileRef = BA045E8228726AF300AF34C4 /* DetailsViewCell.swift */; };
		BA0EA12C26AF2C6D00DCBA5A /* SearchViewController.swift in Sources */ = {isa = PBXBuildFile; fileRef = BA0EA12B26AF2C6C00DCBA5A /* SearchViewController.swift */; };
		BA0EA12E26AF2D5E00DCBA5A /* SearchView.swift in Sources */ = {isa = PBXBuildFile; fileRef = BA0EA12D26AF2D5E00DCBA5A /* SearchView.swift */; };
		BA0EA13026AF338500DCBA5A /* SearchViewModel.swift in Sources */ = {isa = PBXBuildFile; fileRef = BA0EA12F26AF338500DCBA5A /* SearchViewModel.swift */; };
		BA0EA13226AF353C00DCBA5A /* MovieService.swift in Sources */ = {isa = PBXBuildFile; fileRef = BA0EA13126AF353C00DCBA5A /* MovieService.swift */; };
		BA0EA13526B0855C00DCBA5A /* MovieCollectionViewProtocol.swift in Sources */ = {isa = PBXBuildFile; fileRef = BA0EA13426B0855C00DCBA5A /* MovieCollectionViewProtocol.swift */; };
		BA0EA13A26B4556200DCBA5A /* InComingViewController.swift in Sources */ = {isa = PBXBuildFile; fileRef = BA0EA13926B4556200DCBA5A /* InComingViewController.swift */; };
		BA0EA14226B859E200DCBA5A /* UpcomingViewCell.swift in Sources */ = {isa = PBXBuildFile; fileRef = BA0EA14126B859E200DCBA5A /* UpcomingViewCell.swift */; };
		BA126C0726D1770D007E731A /* MovieHeaderSection.swift in Sources */ = {isa = PBXBuildFile; fileRef = BA126C0626D1770D007E731A /* MovieHeaderSection.swift */; };
		BA126C0A26D32CA2007E731A /* MovieUserDefaults.swift in Sources */ = {isa = PBXBuildFile; fileRef = BA126C0926D32CA2007E731A /* MovieUserDefaults.swift */; };
		BA13C6CF268C10F000043F79 /* MovieViewModel.swift in Sources */ = {isa = PBXBuildFile; fileRef = BA13C6CE268C10F000043F79 /* MovieViewModel.swift */; };
		BA13C6D1268C12B400043F79 /* MovieViewData.swift in Sources */ = {isa = PBXBuildFile; fileRef = BA13C6D0268C12B400043F79 /* MovieViewData.swift */; };
		BA249263268D22A100565245 /* HomeTableViewCell.swift in Sources */ = {isa = PBXBuildFile; fileRef = BA249262268D22A100565245 /* HomeTableViewCell.swift */; };
		BA249265268E20D700565245 /* MovieCollectionView.swift in Sources */ = {isa = PBXBuildFile; fileRef = BA249264268E20D700565245 /* MovieCollectionView.swift */; };
		BA249267268E214B00565245 /* HomeCollectionViewCell.swift in Sources */ = {isa = PBXBuildFile; fileRef = BA249266268E214B00565245 /* HomeCollectionViewCell.swift */; };
		BA298EC0268A9B5400C90B21 /* TabBarController.swift in Sources */ = {isa = PBXBuildFile; fileRef = BA298EBF268A9B5400C90B21 /* TabBarController.swift */; };
		BA298EC3268A9DC800C90B21 /* ViewConfiguration.swift in Sources */ = {isa = PBXBuildFile; fileRef = BA298EC2268A9DC800C90B21 /* ViewConfiguration.swift */; };
		BA298EC5268AACE400C90B21 /* HomeTableView.swift in Sources */ = {isa = PBXBuildFile; fileRef = BA298EC4268AACE400C90B21 /* HomeTableView.swift */; };
		BA298ECA268AB8C700C90B21 /* Movie.swift in Sources */ = {isa = PBXBuildFile; fileRef = BA298EC9268AB8C700C90B21 /* Movie.swift */; };
		BA298ECD268AB93700C90B21 /* Constants.swift in Sources */ = {isa = PBXBuildFile; fileRef = BA298ECC268AB93700C90B21 /* Constants.swift */; };
		BA56E3F726C2227D008C3CA6 /* String+Extension.swift in Sources */ = {isa = PBXBuildFile; fileRef = BA56E3F626C2227D008C3CA6 /* String+Extension.swift */; };
		BA56E3F926C60267008C3CA6 /* MovieDetailsProtocol.swift in Sources */ = {isa = PBXBuildFile; fileRef = BA56E3F826C60267008C3CA6 /* MovieDetailsProtocol.swift */; };
		BA5E849D270356E700F751A1 /* LoginViewModel.swift in Sources */ = {isa = PBXBuildFile; fileRef = BA5E849C270356E700F751A1 /* LoginViewModel.swift */; };
		BA5E84A027035FB200F751A1 /* LaunchViewModel.swift in Sources */ = {isa = PBXBuildFile; fileRef = BA5E849F27035FB200F751A1 /* LaunchViewModel.swift */; };
		BA6AB22A269E81520051D84A /* PresentationSettings.swift in Sources */ = {isa = PBXBuildFile; fileRef = BA6AB229269E81520051D84A /* PresentationSettings.swift */; };
		BA6AB22C269E8C2A0051D84A /* DetailsModalView.swift in Sources */ = {isa = PBXBuildFile; fileRef = BA6AB22B269E8C2A0051D84A /* DetailsModalView.swift */; };
		BA6AB232269FA8B00051D84A /* UILabel+Extension.swift in Sources */ = {isa = PBXBuildFile; fileRef = BA6AB231269FA8B00051D84A /* UILabel+Extension.swift */; };
		BA7454F92770BF3900D2793C /* UserMenuViewController.swift in Sources */ = {isa = PBXBuildFile; fileRef = BA7454F82770BF3900D2793C /* UserMenuViewController.swift */; };
		BA7454FB2770BF6900D2793C /* UserMenuView.swift in Sources */ = {isa = PBXBuildFile; fileRef = BA7454FA2770BF6900D2793C /* UserMenuView.swift */; };
		BA7454FD2770F0EB00D2793C /* UIImageVIew+Extension.swift in Sources */ = {isa = PBXBuildFile; fileRef = BA7454FC2770F0EB00D2793C /* UIImageVIew+Extension.swift */; };
		BA7454FF2770F2AB00D2793C /* UserOptionCell.swift in Sources */ = {isa = PBXBuildFile; fileRef = BA7454FE2770F2AA00D2793C /* UserOptionCell.swift */; };
		BA7455012770F3ED00D2793C /* UserMenuTableView.swift in Sources */ = {isa = PBXBuildFile; fileRef = BA7455002770F3ED00D2793C /* UserMenuTableView.swift */; };
		BA7455032770F57600D2793C /* UserMenuRequest.swift in Sources */ = {isa = PBXBuildFile; fileRef = BA7455022770F57600D2793C /* UserMenuRequest.swift */; };
		BA7455052770F5BC00D2793C /* BaseRequest.swift in Sources */ = {isa = PBXBuildFile; fileRef = BA7455042770F5BC00D2793C /* BaseRequest.swift */; };
		BA7455072770F81000D2793C /* UserMenuViewModel.swift in Sources */ = {isa = PBXBuildFile; fileRef = BA7455062770F81000D2793C /* UserMenuViewModel.swift */; };
		BA7455092770F84100D2793C /* Itens.swift in Sources */ = {isa = PBXBuildFile; fileRef = BA7455082770F84100D2793C /* Itens.swift */; };
		BA74550B2770FAB600D2793C /* menu_itens.json in Resources */ = {isa = PBXBuildFile; fileRef = BA74550A2770FAB600D2793C /* menu_itens.json */; };
		BA79080A268A858E006DE9AB /* AppDelegate.swift in Sources */ = {isa = PBXBuildFile; fileRef = BA790809268A858E006DE9AB /* AppDelegate.swift */; };
		BA79080C268A858E006DE9AB /* SceneDelegate.swift in Sources */ = {isa = PBXBuildFile; fileRef = BA79080B268A858E006DE9AB /* SceneDelegate.swift */; };
		BA790810268A858F006DE9AB /* Assets.xcassets in Resources */ = {isa = PBXBuildFile; fileRef = BA79080F268A858F006DE9AB /* Assets.xcassets */; };
		BA790813268A858F006DE9AB /* Preview Assets.xcassets in Resources */ = {isa = PBXBuildFile; fileRef = BA790812268A858F006DE9AB /* Preview Assets.xcassets */; };
		BA790816268A858F006DE9AB /* LaunchScreen.storyboard in Resources */ = {isa = PBXBuildFile; fileRef = BA790814268A858F006DE9AB /* LaunchScreen.storyboard */; };
		BA790820268A8667006DE9AB /* HomeViewController.swift in Sources */ = {isa = PBXBuildFile; fileRef = BA79081F268A8667006DE9AB /* HomeViewController.swift */; };
		BA7BEB582779286C00DBCC7E /* LoggedUser.swift in Sources */ = {isa = PBXBuildFile; fileRef = BA7BEB572779286C00DBCC7E /* LoggedUser.swift */; };
		BA87BBC2268FE48600BDBC28 /* MovieSettings.swift in Sources */ = {isa = PBXBuildFile; fileRef = BA87BBC1268FE48600BDBC28 /* MovieSettings.swift */; };
		BA87BBC4268FFA9400BDBC28 /* Genre.swift in Sources */ = {isa = PBXBuildFile; fileRef = BA87BBC3268FFA9400BDBC28 /* Genre.swift */; };
		BA87BBC6268FFB4B00BDBC28 /* GenreViewData.swift in Sources */ = {isa = PBXBuildFile; fileRef = BA87BBC5268FFB4B00BDBC28 /* GenreViewData.swift */; };
		BA87BBCA2690EC9700BDBC28 /* ErrorView.swift in Sources */ = {isa = PBXBuildFile; fileRef = BA87BBC92690EC9700BDBC28 /* ErrorView.swift */; };
		BA87BBD426910E5B00BDBC28 /* MovieModalViewController.swift in Sources */ = {isa = PBXBuildFile; fileRef = BA87BBD326910E5B00BDBC28 /* MovieModalViewController.swift */; };
		BA87BBD62691172A00BDBC28 /* MovieDetailsView.swift in Sources */ = {isa = PBXBuildFile; fileRef = BA87BBD52691172A00BDBC28 /* MovieDetailsView.swift */; };
		BA87BBD826953F5900BDBC28 /* MovieDetailsViewModel.swift in Sources */ = {isa = PBXBuildFile; fileRef = BA87BBD726953F5800BDBC28 /* MovieDetailsViewModel.swift */; };
		BA87BBDB26969D4C00BDBC28 /* UIColor_Extension.swift in Sources */ = {isa = PBXBuildFile; fileRef = BA87BBDA26969D4C00BDBC28 /* UIColor_Extension.swift */; };
		BA87BBE12697E6F100BDBC28 /* MovieDetails.swift in Sources */ = {isa = PBXBuildFile; fileRef = BA87BBE02697E6F100BDBC28 /* MovieDetails.swift */; };
		BA87BBE32697EB2300BDBC28 /* DetailsViewData.swift in Sources */ = {isa = PBXBuildFile; fileRef = BA87BBE22697EB2300BDBC28 /* DetailsViewData.swift */; };
		BA87BBE62699EADE00BDBC28 /* MovieDetailsViewController.swift in Sources */ = {isa = PBXBuildFile; fileRef = BA87BBE52699EADE00BDBC28 /* MovieDetailsViewController.swift */; };
		BA8DC49F26E1A30600FF9759 /* UIView+Extension.swift in Sources */ = {isa = PBXBuildFile; fileRef = BA8DC49E26E1A30600FF9759 /* UIView+Extension.swift */; };
		BA8DC4A126E26D9100FF9759 /* MovieTrailer.swift in Sources */ = {isa = PBXBuildFile; fileRef = BA8DC4A026E26D9100FF9759 /* MovieTrailer.swift */; };
		BA8DC4A326E2F8BB00FF9759 /* GoogleService-Info.plist in Resources */ = {isa = PBXBuildFile; fileRef = BA8DC4A226E2F8BB00FF9759 /* GoogleService-Info.plist */; };
		BA8FE0D4282B60BF0022AEFC /* UITableView+Extension.swift in Sources */ = {isa = PBXBuildFile; fileRef = BA8FE0D3282B60BF0022AEFC /* UITableView+Extension.swift */; };
		BA8FE0D6282B610F0022AEFC /* UICollectionView+Extension.swift in Sources */ = {isa = PBXBuildFile; fileRef = BA8FE0D5282B610F0022AEFC /* UICollectionView+Extension.swift */; };
		BA93918E2721EBE9004F2F85 /* EmptyView.swift in Sources */ = {isa = PBXBuildFile; fileRef = BA93918D2721EBE9004F2F85 /* EmptyView.swift */; };
		BA9A3A2C285EBDAC0008A487 /* InfoCineTest.swift in Sources */ = {isa = PBXBuildFile; fileRef = BA9A3A2B285EBDAC0008A487 /* InfoCineTest.swift */; };
		BA9A3A35285EC1FC0008A487 /* HomeViewControllerSpec.swift in Sources */ = {isa = PBXBuildFile; fileRef = BA9A3A34285EC1FC0008A487 /* HomeViewControllerSpec.swift */; };
		BAB419DD28999D5E0028A737 /* RecommendationViewCell.swift in Sources */ = {isa = PBXBuildFile; fileRef = BAB419DC28999D5E0028A737 /* RecommendationViewCell.swift */; };
		BAB419DF289C93250028A737 /* RecommendationViewData.swift in Sources */ = {isa = PBXBuildFile; fileRef = BAB419DE289C93250028A737 /* RecommendationViewData.swift */; };
		BAC2DE6726A6530B003FAE2E /* UIFont+Extension.swift in Sources */ = {isa = PBXBuildFile; fileRef = BAC2DE6626A6530B003FAE2E /* UIFont+Extension.swift */; };
		BAC52AA627234BFE004C946D /* PreLoginViewController.swift in Sources */ = {isa = PBXBuildFile; fileRef = BAC52AA527234BFE004C946D /* PreLoginViewController.swift */; };
		BAC52AA827234C8A004C946D /* PreLoginView.swift in Sources */ = {isa = PBXBuildFile; fileRef = BAC52AA727234C8A004C946D /* PreLoginView.swift */; };
		BAC8864426FB6E4200312830 /* InputView.swift in Sources */ = {isa = PBXBuildFile; fileRef = BAC8864326FB6E4200312830 /* InputView.swift */; };
		BAC8864626FB738C00312830 /* LoginViewController.swift in Sources */ = {isa = PBXBuildFile; fileRef = BAC8864526FB738C00312830 /* LoginViewController.swift */; };
		BAC8864826FB7F2200312830 /* UIButton+Extension.swift in Sources */ = {isa = PBXBuildFile; fileRef = BAC8864726FB7F2200312830 /* UIButton+Extension.swift */; };
		BAC8864A26FB929700312830 /* WarningView.swift in Sources */ = {isa = PBXBuildFile; fileRef = BAC8864926FB929700312830 /* WarningView.swift */; };
		BAC8864C26FD423A00312830 /* LaunchViewController.swift in Sources */ = {isa = PBXBuildFile; fileRef = BAC8864B26FD423A00312830 /* LaunchViewController.swift */; };
		BAC8864E26FD483800312830 /* LaunchView.swift in Sources */ = {isa = PBXBuildFile; fileRef = BAC8864D26FD483800312830 /* LaunchView.swift */; };
		BAD5DCD7288201A700FAEBD9 /* TrailerViewCell.swift in Sources */ = {isa = PBXBuildFile; fileRef = BAD5DCD6288201A700FAEBD9 /* TrailerViewCell.swift */; };
		BAD6E09727299B6300DE5147 /* RegisterViewController.swift in Sources */ = {isa = PBXBuildFile; fileRef = BAD6E09627299B6300DE5147 /* RegisterViewController.swift */; };
		BAD6E09927299BA600DE5147 /* RegisterView.swift in Sources */ = {isa = PBXBuildFile; fileRef = BAD6E09827299BA600DE5147 /* RegisterView.swift */; };
		BAD6E09B2729B7D600DE5147 /* RegisterViewModel.swift in Sources */ = {isa = PBXBuildFile; fileRef = BAD6E09A2729B7D600DE5147 /* RegisterViewModel.swift */; };
		BAD6E09D2729C5FF00DE5147 /* BaseViewController.swift in Sources */ = {isa = PBXBuildFile; fileRef = BAD6E09C2729C5FF00DE5147 /* BaseViewController.swift */; };
		BAD6E0A92729E2DB00DE5147 /* RegisterDelegate.swift in Sources */ = {isa = PBXBuildFile; fileRef = BAD6E0A82729E2DB00DE5147 /* RegisterDelegate.swift */; };
		BAE1E3A427B2B02E00BB969B /* AboutUsViewController.swift in Sources */ = {isa = PBXBuildFile; fileRef = BAE1E3A327B2B02E00BB969B /* AboutUsViewController.swift */; };
		BAE1E3A627B2B05600BB969B /* AboutUsTableView.swift in Sources */ = {isa = PBXBuildFile; fileRef = BAE1E3A527B2B05600BB969B /* AboutUsTableView.swift */; };
		BAE1E3A827B2B0A800BB969B /* AboutUsViewModel.swift in Sources */ = {isa = PBXBuildFile; fileRef = BAE1E3A727B2B0A800BB969B /* AboutUsViewModel.swift */; };
		BAE1E3AA27B2B8FC00BB969B /* AboutUsViewCell.swift in Sources */ = {isa = PBXBuildFile; fileRef = BAE1E3A927B2B8FC00BB969B /* AboutUsViewCell.swift */; };
		BAE3459527D242E900DF1360 /* TopMovieViewCell.swift in Sources */ = {isa = PBXBuildFile; fileRef = BAE3459427D242E900DF1360 /* TopMovieViewCell.swift */; };
		BAE3459B27DB8EC200DF1360 /* RadioButton.swift in Sources */ = {isa = PBXBuildFile; fileRef = BAE3459A27DB8EC200DF1360 /* RadioButton.swift */; };
		BAE3459E27DBBA9100DF1360 /* ProfilePhotoViewController.swift in Sources */ = {isa = PBXBuildFile; fileRef = BAE3459D27DBBA9100DF1360 /* ProfilePhotoViewController.swift */; };
		BAF308EC26E594E400418AB5 /* LoginView.swift in Sources */ = {isa = PBXBuildFile; fileRef = BAF308EB26E594E400418AB5 /* LoginView.swift */; };
/* End PBXBuildFile section */

/* Begin PBXContainerItemProxy section */
		BA9A3A2D285EBDAC0008A487 /* PBXContainerItemProxy */ = {
			isa = PBXContainerItemProxy;
			containerPortal = BA7907FE268A858E006DE9AB /* Project object */;
			proxyType = 1;
			remoteGlobalIDString = BA790805268A858E006DE9AB;
			remoteInfo = "Movie&Serie";
		};
/* End PBXContainerItemProxy section */

/* Begin PBXFileReference section */
		1F0F79701F620C8DDB521A81 /* Pods_Movie_Serie.framework */ = {isa = PBXFileReference; explicitFileType = wrapper.framework; includeInIndex = 0; path = Pods_Movie_Serie.framework; sourceTree = BUILT_PRODUCTS_DIR; };
		533580CB9B8DBD03E038DD9D /* Pods-InfoCineTest.release.xcconfig */ = {isa = PBXFileReference; includeInIndex = 1; lastKnownFileType = text.xcconfig; name = "Pods-InfoCineTest.release.xcconfig"; path = "Target Support Files/Pods-InfoCineTest/Pods-InfoCineTest.release.xcconfig"; sourceTree = "<group>"; };
		8E6163211B9E7AD2D14AC22C /* Pods_InfoCineTest.framework */ = {isa = PBXFileReference; explicitFileType = wrapper.framework; includeInIndex = 0; path = Pods_InfoCineTest.framework; sourceTree = BUILT_PRODUCTS_DIR; };
		9EF30EDFF2B6C5C7554AC700 /* Pods-InfoCineTest.debug.xcconfig */ = {isa = PBXFileReference; includeInIndex = 1; lastKnownFileType = text.xcconfig; name = "Pods-InfoCineTest.debug.xcconfig"; path = "Target Support Files/Pods-InfoCineTest/Pods-InfoCineTest.debug.xcconfig"; sourceTree = "<group>"; };
		BA045E7E286FC62600AF34C4 /* InfoContainerViewCell.swift */ = {isa = PBXFileReference; lastKnownFileType = sourcecode.swift; path = InfoContainerViewCell.swift; sourceTree = "<group>"; };
		BA045E802872693A00AF34C4 /* MovieDetailsTableView.swift */ = {isa = PBXFileReference; lastKnownFileType = sourcecode.swift; path = MovieDetailsTableView.swift; sourceTree = "<group>"; };
		BA045E8228726AF300AF34C4 /* DetailsViewCell.swift */ = {isa = PBXFileReference; lastKnownFileType = sourcecode.swift; path = DetailsViewCell.swift; sourceTree = "<group>"; };
		BA0EA12B26AF2C6C00DCBA5A /* SearchViewController.swift */ = {isa = PBXFileReference; lastKnownFileType = sourcecode.swift; path = SearchViewController.swift; sourceTree = "<group>"; };
		BA0EA12D26AF2D5E00DCBA5A /* SearchView.swift */ = {isa = PBXFileReference; lastKnownFileType = sourcecode.swift; path = SearchView.swift; sourceTree = "<group>"; };
		BA0EA12F26AF338500DCBA5A /* SearchViewModel.swift */ = {isa = PBXFileReference; lastKnownFileType = sourcecode.swift; path = SearchViewModel.swift; sourceTree = "<group>"; };
		BA0EA13126AF353C00DCBA5A /* MovieService.swift */ = {isa = PBXFileReference; lastKnownFileType = sourcecode.swift; path = MovieService.swift; sourceTree = "<group>"; };
		BA0EA13426B0855C00DCBA5A /* MovieCollectionViewProtocol.swift */ = {isa = PBXFileReference; lastKnownFileType = sourcecode.swift; path = MovieCollectionViewProtocol.swift; sourceTree = "<group>"; };
		BA0EA13926B4556200DCBA5A /* InComingViewController.swift */ = {isa = PBXFileReference; lastKnownFileType = sourcecode.swift; path = InComingViewController.swift; sourceTree = "<group>"; };
		BA0EA14126B859E200DCBA5A /* UpcomingViewCell.swift */ = {isa = PBXFileReference; lastKnownFileType = sourcecode.swift; path = UpcomingViewCell.swift; sourceTree = "<group>"; };
		BA126C0626D1770D007E731A /* MovieHeaderSection.swift */ = {isa = PBXFileReference; lastKnownFileType = sourcecode.swift; path = MovieHeaderSection.swift; sourceTree = "<group>"; };
		BA126C0926D32CA2007E731A /* MovieUserDefaults.swift */ = {isa = PBXFileReference; lastKnownFileType = sourcecode.swift; path = MovieUserDefaults.swift; sourceTree = "<group>"; };
		BA13C6CE268C10F000043F79 /* MovieViewModel.swift */ = {isa = PBXFileReference; lastKnownFileType = sourcecode.swift; path = MovieViewModel.swift; sourceTree = "<group>"; };
		BA13C6D0268C12B400043F79 /* MovieViewData.swift */ = {isa = PBXFileReference; lastKnownFileType = sourcecode.swift; path = MovieViewData.swift; sourceTree = "<group>"; };
		BA249262268D22A100565245 /* HomeTableViewCell.swift */ = {isa = PBXFileReference; lastKnownFileType = sourcecode.swift; path = HomeTableViewCell.swift; sourceTree = "<group>"; };
		BA249264268E20D700565245 /* MovieCollectionView.swift */ = {isa = PBXFileReference; lastKnownFileType = sourcecode.swift; path = MovieCollectionView.swift; sourceTree = "<group>"; };
		BA249266268E214B00565245 /* HomeCollectionViewCell.swift */ = {isa = PBXFileReference; lastKnownFileType = sourcecode.swift; path = HomeCollectionViewCell.swift; sourceTree = "<group>"; };
		BA298EBF268A9B5400C90B21 /* TabBarController.swift */ = {isa = PBXFileReference; lastKnownFileType = sourcecode.swift; path = TabBarController.swift; sourceTree = "<group>"; };
		BA298EC2268A9DC800C90B21 /* ViewConfiguration.swift */ = {isa = PBXFileReference; lastKnownFileType = sourcecode.swift; path = ViewConfiguration.swift; sourceTree = "<group>"; };
		BA298EC4268AACE400C90B21 /* HomeTableView.swift */ = {isa = PBXFileReference; lastKnownFileType = sourcecode.swift; path = HomeTableView.swift; sourceTree = "<group>"; };
		BA298EC9268AB8C700C90B21 /* Movie.swift */ = {isa = PBXFileReference; lastKnownFileType = sourcecode.swift; path = Movie.swift; sourceTree = "<group>"; };
		BA298ECC268AB93700C90B21 /* Constants.swift */ = {isa = PBXFileReference; lastKnownFileType = sourcecode.swift; path = Constants.swift; sourceTree = "<group>"; };
		BA56E3F626C2227D008C3CA6 /* String+Extension.swift */ = {isa = PBXFileReference; lastKnownFileType = sourcecode.swift; path = "String+Extension.swift"; sourceTree = "<group>"; };
		BA56E3F826C60267008C3CA6 /* MovieDetailsProtocol.swift */ = {isa = PBXFileReference; lastKnownFileType = sourcecode.swift; path = MovieDetailsProtocol.swift; sourceTree = "<group>"; };
		BA5E849C270356E700F751A1 /* LoginViewModel.swift */ = {isa = PBXFileReference; lastKnownFileType = sourcecode.swift; path = LoginViewModel.swift; sourceTree = "<group>"; };
		BA5E849F27035FB200F751A1 /* LaunchViewModel.swift */ = {isa = PBXFileReference; lastKnownFileType = sourcecode.swift; path = LaunchViewModel.swift; sourceTree = "<group>"; };
		BA6AB229269E81520051D84A /* PresentationSettings.swift */ = {isa = PBXFileReference; lastKnownFileType = sourcecode.swift; path = PresentationSettings.swift; sourceTree = "<group>"; };
		BA6AB22B269E8C2A0051D84A /* DetailsModalView.swift */ = {isa = PBXFileReference; lastKnownFileType = sourcecode.swift; path = DetailsModalView.swift; sourceTree = "<group>"; };
		BA6AB231269FA8B00051D84A /* UILabel+Extension.swift */ = {isa = PBXFileReference; lastKnownFileType = sourcecode.swift; path = "UILabel+Extension.swift"; sourceTree = "<group>"; };
		BA7454F82770BF3900D2793C /* UserMenuViewController.swift */ = {isa = PBXFileReference; lastKnownFileType = sourcecode.swift; path = UserMenuViewController.swift; sourceTree = "<group>"; };
		BA7454FA2770BF6900D2793C /* UserMenuView.swift */ = {isa = PBXFileReference; lastKnownFileType = sourcecode.swift; path = UserMenuView.swift; sourceTree = "<group>"; };
		BA7454FC2770F0EB00D2793C /* UIImageVIew+Extension.swift */ = {isa = PBXFileReference; lastKnownFileType = sourcecode.swift; path = "UIImageVIew+Extension.swift"; sourceTree = "<group>"; };
		BA7454FE2770F2AA00D2793C /* UserOptionCell.swift */ = {isa = PBXFileReference; lastKnownFileType = sourcecode.swift; path = UserOptionCell.swift; sourceTree = "<group>"; };
		BA7455002770F3ED00D2793C /* UserMenuTableView.swift */ = {isa = PBXFileReference; lastKnownFileType = sourcecode.swift; path = UserMenuTableView.swift; sourceTree = "<group>"; };
		BA7455022770F57600D2793C /* UserMenuRequest.swift */ = {isa = PBXFileReference; lastKnownFileType = sourcecode.swift; path = UserMenuRequest.swift; sourceTree = "<group>"; };
		BA7455042770F5BC00D2793C /* BaseRequest.swift */ = {isa = PBXFileReference; lastKnownFileType = sourcecode.swift; path = BaseRequest.swift; sourceTree = "<group>"; };
		BA7455062770F81000D2793C /* UserMenuViewModel.swift */ = {isa = PBXFileReference; lastKnownFileType = sourcecode.swift; path = UserMenuViewModel.swift; sourceTree = "<group>"; };
		BA7455082770F84100D2793C /* Itens.swift */ = {isa = PBXFileReference; lastKnownFileType = sourcecode.swift; path = Itens.swift; sourceTree = "<group>"; };
		BA74550A2770FAB600D2793C /* menu_itens.json */ = {isa = PBXFileReference; lastKnownFileType = text.json; path = menu_itens.json; sourceTree = "<group>"; };
		BA790806268A858E006DE9AB /* Movie&Serie.app */ = {isa = PBXFileReference; explicitFileType = wrapper.application; includeInIndex = 0; path = "Movie&Serie.app"; sourceTree = BUILT_PRODUCTS_DIR; };
		BA790809268A858E006DE9AB /* AppDelegate.swift */ = {isa = PBXFileReference; lastKnownFileType = sourcecode.swift; path = AppDelegate.swift; sourceTree = "<group>"; };
		BA79080B268A858E006DE9AB /* SceneDelegate.swift */ = {isa = PBXFileReference; lastKnownFileType = sourcecode.swift; path = SceneDelegate.swift; sourceTree = "<group>"; };
		BA79080F268A858F006DE9AB /* Assets.xcassets */ = {isa = PBXFileReference; lastKnownFileType = folder.assetcatalog; path = Assets.xcassets; sourceTree = "<group>"; };
		BA790812268A858F006DE9AB /* Preview Assets.xcassets */ = {isa = PBXFileReference; lastKnownFileType = folder.assetcatalog; path = "Preview Assets.xcassets"; sourceTree = "<group>"; };
		BA790815268A858F006DE9AB /* Base */ = {isa = PBXFileReference; lastKnownFileType = file.storyboard; name = Base; path = Base.lproj/LaunchScreen.storyboard; sourceTree = "<group>"; };
		BA790817268A858F006DE9AB /* Info.plist */ = {isa = PBXFileReference; lastKnownFileType = text.plist.xml; path = Info.plist; sourceTree = "<group>"; };
		BA79081F268A8667006DE9AB /* HomeViewController.swift */ = {isa = PBXFileReference; lastKnownFileType = sourcecode.swift; path = HomeViewController.swift; sourceTree = "<group>"; };
		BA7BEB572779286C00DBCC7E /* LoggedUser.swift */ = {isa = PBXFileReference; lastKnownFileType = sourcecode.swift; path = LoggedUser.swift; sourceTree = "<group>"; };
		BA87BBC1268FE48600BDBC28 /* MovieSettings.swift */ = {isa = PBXFileReference; lastKnownFileType = sourcecode.swift; path = MovieSettings.swift; sourceTree = "<group>"; };
		BA87BBC3268FFA9400BDBC28 /* Genre.swift */ = {isa = PBXFileReference; lastKnownFileType = sourcecode.swift; path = Genre.swift; sourceTree = "<group>"; };
		BA87BBC5268FFB4B00BDBC28 /* GenreViewData.swift */ = {isa = PBXFileReference; lastKnownFileType = sourcecode.swift; path = GenreViewData.swift; sourceTree = "<group>"; };
		BA87BBC92690EC9700BDBC28 /* ErrorView.swift */ = {isa = PBXFileReference; lastKnownFileType = sourcecode.swift; path = ErrorView.swift; sourceTree = "<group>"; };
		BA87BBD326910E5B00BDBC28 /* MovieModalViewController.swift */ = {isa = PBXFileReference; lastKnownFileType = sourcecode.swift; path = MovieModalViewController.swift; sourceTree = "<group>"; };
		BA87BBD52691172A00BDBC28 /* MovieDetailsView.swift */ = {isa = PBXFileReference; lastKnownFileType = sourcecode.swift; path = MovieDetailsView.swift; sourceTree = "<group>"; };
		BA87BBD726953F5800BDBC28 /* MovieDetailsViewModel.swift */ = {isa = PBXFileReference; lastKnownFileType = sourcecode.swift; path = MovieDetailsViewModel.swift; sourceTree = "<group>"; };
		BA87BBDA26969D4C00BDBC28 /* UIColor_Extension.swift */ = {isa = PBXFileReference; lastKnownFileType = sourcecode.swift; path = UIColor_Extension.swift; sourceTree = "<group>"; };
		BA87BBE02697E6F100BDBC28 /* MovieDetails.swift */ = {isa = PBXFileReference; lastKnownFileType = sourcecode.swift; path = MovieDetails.swift; sourceTree = "<group>"; };
		BA87BBE22697EB2300BDBC28 /* DetailsViewData.swift */ = {isa = PBXFileReference; lastKnownFileType = sourcecode.swift; path = DetailsViewData.swift; sourceTree = "<group>"; };
		BA87BBE52699EADE00BDBC28 /* MovieDetailsViewController.swift */ = {isa = PBXFileReference; lastKnownFileType = sourcecode.swift; path = MovieDetailsViewController.swift; sourceTree = "<group>"; };
		BA8DC49E26E1A30600FF9759 /* UIView+Extension.swift */ = {isa = PBXFileReference; lastKnownFileType = sourcecode.swift; path = "UIView+Extension.swift"; sourceTree = "<group>"; };
		BA8DC4A026E26D9100FF9759 /* MovieTrailer.swift */ = {isa = PBXFileReference; lastKnownFileType = sourcecode.swift; path = MovieTrailer.swift; sourceTree = "<group>"; };
		BA8DC4A226E2F8BB00FF9759 /* GoogleService-Info.plist */ = {isa = PBXFileReference; fileEncoding = 4; lastKnownFileType = text.plist.xml; name = "GoogleService-Info.plist"; path = "../../Downloads/GoogleService-Info.plist"; sourceTree = "<group>"; };
		BA8DC4A426E2F8D100FF9759 /* GoogleService-Info.plist */ = {isa = PBXFileReference; lastKnownFileType = text.plist.xml; path = "GoogleService-Info.plist"; sourceTree = "<group>"; };
		BA8FE0D3282B60BF0022AEFC /* UITableView+Extension.swift */ = {isa = PBXFileReference; lastKnownFileType = sourcecode.swift; path = "UITableView+Extension.swift"; sourceTree = "<group>"; };
		BA8FE0D5282B610F0022AEFC /* UICollectionView+Extension.swift */ = {isa = PBXFileReference; lastKnownFileType = sourcecode.swift; path = "UICollectionView+Extension.swift"; sourceTree = "<group>"; };
		BA93918D2721EBE9004F2F85 /* EmptyView.swift */ = {isa = PBXFileReference; lastKnownFileType = sourcecode.swift; path = EmptyView.swift; sourceTree = "<group>"; };
		BA9A3A29285EBDAC0008A487 /* InfoCineTest.xctest */ = {isa = PBXFileReference; explicitFileType = wrapper.cfbundle; includeInIndex = 0; path = InfoCineTest.xctest; sourceTree = BUILT_PRODUCTS_DIR; };
		BA9A3A2B285EBDAC0008A487 /* InfoCineTest.swift */ = {isa = PBXFileReference; lastKnownFileType = sourcecode.swift; path = InfoCineTest.swift; sourceTree = "<group>"; };
		BA9A3A34285EC1FC0008A487 /* HomeViewControllerSpec.swift */ = {isa = PBXFileReference; lastKnownFileType = sourcecode.swift; path = HomeViewControllerSpec.swift; sourceTree = "<group>"; };
		BAB419DC28999D5E0028A737 /* RecommendationViewCell.swift */ = {isa = PBXFileReference; lastKnownFileType = sourcecode.swift; path = RecommendationViewCell.swift; sourceTree = "<group>"; };
		BAB419DE289C93250028A737 /* RecommendationViewData.swift */ = {isa = PBXFileReference; lastKnownFileType = sourcecode.swift; path = RecommendationViewData.swift; sourceTree = "<group>"; };
		BAC2DE6626A6530B003FAE2E /* UIFont+Extension.swift */ = {isa = PBXFileReference; lastKnownFileType = sourcecode.swift; path = "UIFont+Extension.swift"; sourceTree = "<group>"; };
		BAC52AA527234BFE004C946D /* PreLoginViewController.swift */ = {isa = PBXFileReference; lastKnownFileType = sourcecode.swift; path = PreLoginViewController.swift; sourceTree = "<group>"; };
		BAC52AA727234C8A004C946D /* PreLoginView.swift */ = {isa = PBXFileReference; lastKnownFileType = sourcecode.swift; path = PreLoginView.swift; sourceTree = "<group>"; };
		BAC8864326FB6E4200312830 /* InputView.swift */ = {isa = PBXFileReference; lastKnownFileType = sourcecode.swift; path = InputView.swift; sourceTree = "<group>"; };
		BAC8864526FB738C00312830 /* LoginViewController.swift */ = {isa = PBXFileReference; lastKnownFileType = sourcecode.swift; path = LoginViewController.swift; sourceTree = "<group>"; };
		BAC8864726FB7F2200312830 /* UIButton+Extension.swift */ = {isa = PBXFileReference; lastKnownFileType = sourcecode.swift; path = "UIButton+Extension.swift"; sourceTree = "<group>"; };
		BAC8864926FB929700312830 /* WarningView.swift */ = {isa = PBXFileReference; lastKnownFileType = sourcecode.swift; path = WarningView.swift; sourceTree = "<group>"; };
		BAC8864B26FD423A00312830 /* LaunchViewController.swift */ = {isa = PBXFileReference; lastKnownFileType = sourcecode.swift; path = LaunchViewController.swift; sourceTree = "<group>"; };
		BAC8864D26FD483800312830 /* LaunchView.swift */ = {isa = PBXFileReference; lastKnownFileType = sourcecode.swift; path = LaunchView.swift; sourceTree = "<group>"; };
		BAD5DCD6288201A700FAEBD9 /* TrailerViewCell.swift */ = {isa = PBXFileReference; lastKnownFileType = sourcecode.swift; path = TrailerViewCell.swift; sourceTree = "<group>"; };
		BAD6E09627299B6300DE5147 /* RegisterViewController.swift */ = {isa = PBXFileReference; lastKnownFileType = sourcecode.swift; path = RegisterViewController.swift; sourceTree = "<group>"; };
		BAD6E09827299BA600DE5147 /* RegisterView.swift */ = {isa = PBXFileReference; lastKnownFileType = sourcecode.swift; path = RegisterView.swift; sourceTree = "<group>"; };
		BAD6E09A2729B7D600DE5147 /* RegisterViewModel.swift */ = {isa = PBXFileReference; lastKnownFileType = sourcecode.swift; path = RegisterViewModel.swift; sourceTree = "<group>"; };
		BAD6E09C2729C5FF00DE5147 /* BaseViewController.swift */ = {isa = PBXFileReference; lastKnownFileType = sourcecode.swift; path = BaseViewController.swift; sourceTree = "<group>"; };
		BAD6E0A82729E2DB00DE5147 /* RegisterDelegate.swift */ = {isa = PBXFileReference; lastKnownFileType = sourcecode.swift; path = RegisterDelegate.swift; sourceTree = "<group>"; };
		BAE1E3A327B2B02E00BB969B /* AboutUsViewController.swift */ = {isa = PBXFileReference; lastKnownFileType = sourcecode.swift; path = AboutUsViewController.swift; sourceTree = "<group>"; };
		BAE1E3A527B2B05600BB969B /* AboutUsTableView.swift */ = {isa = PBXFileReference; lastKnownFileType = sourcecode.swift; path = AboutUsTableView.swift; sourceTree = "<group>"; };
		BAE1E3A727B2B0A800BB969B /* AboutUsViewModel.swift */ = {isa = PBXFileReference; lastKnownFileType = sourcecode.swift; path = AboutUsViewModel.swift; sourceTree = "<group>"; };
		BAE1E3A927B2B8FC00BB969B /* AboutUsViewCell.swift */ = {isa = PBXFileReference; lastKnownFileType = sourcecode.swift; path = AboutUsViewCell.swift; sourceTree = "<group>"; };
		BAE3459427D242E900DF1360 /* TopMovieViewCell.swift */ = {isa = PBXFileReference; lastKnownFileType = sourcecode.swift; path = TopMovieViewCell.swift; sourceTree = "<group>"; };
		BAE3459A27DB8EC200DF1360 /* RadioButton.swift */ = {isa = PBXFileReference; lastKnownFileType = sourcecode.swift; path = RadioButton.swift; sourceTree = "<group>"; };
		BAE3459D27DBBA9100DF1360 /* ProfilePhotoViewController.swift */ = {isa = PBXFileReference; lastKnownFileType = sourcecode.swift; path = ProfilePhotoViewController.swift; sourceTree = "<group>"; };
		BAF308EB26E594E400418AB5 /* LoginView.swift */ = {isa = PBXFileReference; lastKnownFileType = sourcecode.swift; path = LoginView.swift; sourceTree = "<group>"; };
		BE797866E102462D34C3EE34 /* Pods-Movie&Serie.release.xcconfig */ = {isa = PBXFileReference; includeInIndex = 1; lastKnownFileType = text.xcconfig; name = "Pods-Movie&Serie.release.xcconfig"; path = "Target Support Files/Pods-Movie&Serie/Pods-Movie&Serie.release.xcconfig"; sourceTree = "<group>"; };
		C9B709091A640D29C4045680 /* Pods-Movie&Serie.debug.xcconfig */ = {isa = PBXFileReference; includeInIndex = 1; lastKnownFileType = text.xcconfig; name = "Pods-Movie&Serie.debug.xcconfig"; path = "Target Support Files/Pods-Movie&Serie/Pods-Movie&Serie.debug.xcconfig"; sourceTree = "<group>"; };
/* End PBXFileReference section */

/* Begin PBXFrameworksBuildPhase section */
		BA790803268A858E006DE9AB /* Frameworks */ = {
			isa = PBXFrameworksBuildPhase;
			buildActionMask = 2147483647;
			files = (
				AB29B54AF2875A1F04F2095C /* Pods_Movie_Serie.framework in Frameworks */,
			);
			runOnlyForDeploymentPostprocessing = 0;
		};
		BA9A3A26285EBDAC0008A487 /* Frameworks */ = {
			isa = PBXFrameworksBuildPhase;
			buildActionMask = 2147483647;
			files = (
				2F37079A9FAADF204693E2E2 /* Pods_InfoCineTest.framework in Frameworks */,
			);
			runOnlyForDeploymentPostprocessing = 0;
		};
/* End PBXFrameworksBuildPhase section */

/* Begin PBXGroup section */
		25DA675784E400E6456E9811 /* Frameworks */ = {
			isa = PBXGroup;
			children = (
				8E6163211B9E7AD2D14AC22C /* Pods_InfoCineTest.framework */,
				1F0F79701F620C8DDB521A81 /* Pods_Movie_Serie.framework */,
			);
			name = Frameworks;
			sourceTree = "<group>";
		};
		66B7A3CD84FC73F2B0AC3E2D /* Pods */ = {
			isa = PBXGroup;
			children = (
				9EF30EDFF2B6C5C7554AC700 /* Pods-InfoCineTest.debug.xcconfig */,
				533580CB9B8DBD03E038DD9D /* Pods-InfoCineTest.release.xcconfig */,
				C9B709091A640D29C4045680 /* Pods-Movie&Serie.debug.xcconfig */,
				BE797866E102462D34C3EE34 /* Pods-Movie&Serie.release.xcconfig */,
			);
			path = Pods;
			sourceTree = "<group>";
		};
		BA0DB57426EBA91D00960178 /* Service */ = {
			isa = PBXGroup;
			children = (
				BA0EA13126AF353C00DCBA5A /* MovieService.swift */,
			);
			path = Service;
			sourceTree = "<group>";
		};
		BA0DB57526EBA92D00960178 /* Model */ = {
			isa = PBXGroup;
			children = (
				BA298EC9268AB8C700C90B21 /* Movie.swift */,
			);
			path = Model;
			sourceTree = "<group>";
		};
		BA0DB57626EBA93200960178 /* ViewData */ = {
			isa = PBXGroup;
			children = (
				BA13C6D0268C12B400043F79 /* MovieViewData.swift */,
			);
			path = ViewData;
			sourceTree = "<group>";
		};
		BA0EA12A26AF2C5D00DCBA5A /* SearchMovies */ = {
			isa = PBXGroup;
			children = (
				BA0EA13C26B4684B00DCBA5A /* ViewModel */,
				BA0EA13B26B4683D00DCBA5A /* View */,
			);
			path = SearchMovies;
			sourceTree = "<group>";
		};
		BA0EA13326B0854E00DCBA5A /* Protocols */ = {
			isa = PBXGroup;
			children = (
				BA0EA13426B0855C00DCBA5A /* MovieCollectionViewProtocol.swift */,
				BA298EC2268A9DC800C90B21 /* ViewConfiguration.swift */,
				BA56E3F826C60267008C3CA6 /* MovieDetailsProtocol.swift */,
				BAD6E0A82729E2DB00DE5147 /* RegisterDelegate.swift */,
			);
			path = Protocols;
			sourceTree = "<group>";
		};
		BA0EA13826B4555000DCBA5A /* InComing */ = {
			isa = PBXGroup;
			children = (
				BAD6E0AB2729EC3400DE5147 /* View */,
				BAD6E0AA2729EC2E00DE5147 /* Controller */,
			);
			path = InComing;
			sourceTree = "<group>";
		};
		BA0EA13B26B4683D00DCBA5A /* View */ = {
			isa = PBXGroup;
			children = (
				BA0EA12B26AF2C6C00DCBA5A /* SearchViewController.swift */,
				BA0EA12D26AF2D5E00DCBA5A /* SearchView.swift */,
			);
			path = View;
			sourceTree = "<group>";
		};
		BA0EA13C26B4684B00DCBA5A /* ViewModel */ = {
			isa = PBXGroup;
			children = (
				BA0EA12F26AF338500DCBA5A /* SearchViewModel.swift */,
			);
			path = ViewModel;
			sourceTree = "<group>";
		};
		BA126C0826D32C7E007E731A /* Extension */ = {
			isa = PBXGroup;
			children = (
				BA87BBDA26969D4C00BDBC28 /* UIColor_Extension.swift */,
				BA6AB231269FA8B00051D84A /* UILabel+Extension.swift */,
				BAC2DE6626A6530B003FAE2E /* UIFont+Extension.swift */,
				BA56E3F626C2227D008C3CA6 /* String+Extension.swift */,
				BA8DC49E26E1A30600FF9759 /* UIView+Extension.swift */,
				BAC8864726FB7F2200312830 /* UIButton+Extension.swift */,
				BA7454FC2770F0EB00D2793C /* UIImageVIew+Extension.swift */,
				BA8FE0D3282B60BF0022AEFC /* UITableView+Extension.swift */,
				BA8FE0D5282B610F0022AEFC /* UICollectionView+Extension.swift */,
			);
			path = Extension;
			sourceTree = "<group>";
		};
		BA298EBA268A960200C90B21 /* Controller */ = {
			isa = PBXGroup;
			children = (
				BA79081F268A8667006DE9AB /* HomeViewController.swift */,
			);
			path = Controller;
			sourceTree = "<group>";
		};
		BA298EBB268A960900C90B21 /* View */ = {
			isa = PBXGroup;
			children = (
				BA298EC4268AACE400C90B21 /* HomeTableView.swift */,
				BA249262268D22A100565245 /* HomeTableViewCell.swift */,
				BA249264268E20D700565245 /* MovieCollectionView.swift */,
				BA249266268E214B00565245 /* HomeCollectionViewCell.swift */,
				BA126C0626D1770D007E731A /* MovieHeaderSection.swift */,
				BAE3459427D242E900DF1360 /* TopMovieViewCell.swift */,
			);
			path = View;
			sourceTree = "<group>";
		};
		BA298EBE268A9B4500C90B21 /* TabBar */ = {
			isa = PBXGroup;
			children = (
				BA298EBF268A9B5400C90B21 /* TabBarController.swift */,
			);
			path = TabBar;
			sourceTree = "<group>";
		};
		BA298EC1268A9DB700C90B21 /* Utility */ = {
			isa = PBXGroup;
			children = (
				BA126C0826D32C7E007E731A /* Extension */,
				BA0EA13326B0854E00DCBA5A /* Protocols */,
				BA298ECC268AB93700C90B21 /* Constants.swift */,
				BA87BBC1268FE48600BDBC28 /* MovieSettings.swift */,
				BA6AB229269E81520051D84A /* PresentationSettings.swift */,
				BA126C0926D32CA2007E731A /* MovieUserDefaults.swift */,
				BA93918D2721EBE9004F2F85 /* EmptyView.swift */,
				BAD6E09C2729C5FF00DE5147 /* BaseViewController.swift */,
				BAE3459A27DB8EC200DF1360 /* RadioButton.swift */,
				BAE3459D27DBBA9100DF1360 /* ProfilePhotoViewController.swift */,
			);
			path = Utility;
			sourceTree = "<group>";
		};
		BA298EC6268AADF900C90B21 /* Service */ = {
			isa = PBXGroup;
			children = (
			);
			path = Service;
			sourceTree = "<group>";
		};
		BA298ECB268AB8CD00C90B21 /* Model */ = {
			isa = PBXGroup;
			children = (
				BA13C6CE268C10F000043F79 /* MovieViewModel.swift */,
				BA6AB230269E93BC0051D84A /* Genre */,
				BA6AB22F269E93AC0051D84A /* Movie */,
			);
			path = Model;
			sourceTree = "<group>";
		};
		BA5E849E27035F7E00F751A1 /* LaunchView */ = {
			isa = PBXGroup;
			children = (
				BAD6E0A22729CA8900DE5147 /* ViewModel */,
				BAD6E0A12729CA8200DE5147 /* Controller */,
			);
			path = LaunchView;
			sourceTree = "<group>";
		};
		BA6AB22F269E93AC0051D84A /* Movie */ = {
			isa = PBXGroup;
			children = (
				BA0DB57526EBA92D00960178 /* Model */,
				BA0DB57626EBA93200960178 /* ViewData */,
				BA0DB57426EBA91D00960178 /* Service */,
			);
			path = Movie;
			sourceTree = "<group>";
		};
		BA6AB230269E93BC0051D84A /* Genre */ = {
			isa = PBXGroup;
			children = (
				BA87BBC3268FFA9400BDBC28 /* Genre.swift */,
				BA87BBC5268FFB4B00BDBC28 /* GenreViewData.swift */,
			);
			path = Genre;
			sourceTree = "<group>";
		};
		BA7454F72770BF2700D2793C /* UserMenu */ = {
			isa = PBXGroup;
			children = (
				BAE1E3A127B2AFE500BB969B /* Model */,
				BAE1E3A027B2AFCD00BB969B /* View */,
			);
			path = UserMenu;
			sourceTree = "<group>";
		};
		BA7907FD268A858E006DE9AB = {
			isa = PBXGroup;
			children = (
				BA8DC4A226E2F8BB00FF9759 /* GoogleService-Info.plist */,
				BA9A3A2A285EBDAC0008A487 /* InfoCineTest */,
				BA790807268A858E006DE9AB /* Products */,
				66B7A3CD84FC73F2B0AC3E2D /* Pods */,
				BA790808268A858E006DE9AB /* Movie&Serie */,
				25DA675784E400E6456E9811 /* Frameworks */,
			);
			sourceTree = "<group>";
		};
		BA790807268A858E006DE9AB /* Products */ = {
			isa = PBXGroup;
			children = (
				BA790806268A858E006DE9AB /* Movie&Serie.app */,
				BA9A3A29285EBDAC0008A487 /* InfoCineTest.xctest */,
			);
			name = Products;
			sourceTree = "<group>";
		};
		BA790808268A858E006DE9AB /* Movie&Serie */ = {
			isa = PBXGroup;
			children = (
				BA79081D268A863F006DE9AB /* Debug */,
				BA87BBE8269BD98D00BDBC28 /* Resource */,
				BA87BBE7269BD98000BDBC28 /* Application */,
				BA790811268A858F006DE9AB /* Preview Content */,
			);
			path = "Movie&Serie";
			sourceTree = "<group>";
		};
		BA790811268A858F006DE9AB /* Preview Content */ = {
			isa = PBXGroup;
			children = (
				BA790812268A858F006DE9AB /* Preview Assets.xcassets */,
			);
			path = "Preview Content";
			sourceTree = "<group>";
		};
		BA79081D268A863F006DE9AB /* Debug */ = {
			isa = PBXGroup;
			children = (
				BAE1E3A227B2B01400BB969B /* AboutUs */,
				BA7454F72770BF2700D2793C /* UserMenu */,
				BAD6E09527299AD000DE5147 /* Register */,
				BAC52AA427234BE7004C946D /* PreLogin */,
				BA5E849E27035F7E00F751A1 /* LaunchView */,
				BAC8864226FB6E3300312830 /* Login */,
				BA298EBE268A9B4500C90B21 /* TabBar */,
				BA79081E268A864F006DE9AB /* Home */,
				BA0EA13826B4555000DCBA5A /* InComing */,
				BA0EA12A26AF2C5D00DCBA5A /* SearchMovies */,
				BA87BBD226910E4E00BDBC28 /* MovieDetails */,
				BA87BBCB2690ECB900BDBC28 /* Error */,
				BA298EC1268A9DB700C90B21 /* Utility */,
			);
			path = Debug;
			sourceTree = "<group>";
		};
		BA79081E268A864F006DE9AB /* Home */ = {
			isa = PBXGroup;
			children = (
				BA298ECB268AB8CD00C90B21 /* Model */,
				BA298EC6268AADF900C90B21 /* Service */,
				BA298EBB268A960900C90B21 /* View */,
				BA298EBA268A960200C90B21 /* Controller */,
			);
			path = Home;
			sourceTree = "<group>";
		};
		BA87BBCB2690ECB900BDBC28 /* Error */ = {
			isa = PBXGroup;
			children = (
				BA87BBC92690EC9700BDBC28 /* ErrorView.swift */,
			);
			path = Error;
			sourceTree = "<group>";
		};
		BA87BBD226910E4E00BDBC28 /* MovieDetails */ = {
			isa = PBXGroup;
			children = (
				BA87BBD9269689AB00BDBC28 /* Modal */,
				BAC2DE6926A66246003FAE2E /* ViewModel */,
				BA87BBE42699EA9D00BDBC28 /* View */,
				BA87BBDF2697E6E300BDBC28 /* Model */,
			);
			path = MovieDetails;
			sourceTree = "<group>";
		};
		BA87BBD9269689AB00BDBC28 /* Modal */ = {
			isa = PBXGroup;
			children = (
				BA87BBD326910E5B00BDBC28 /* MovieModalViewController.swift */,
				BA6AB22B269E8C2A0051D84A /* DetailsModalView.swift */,
			);
			path = Modal;
			sourceTree = "<group>";
		};
		BA87BBDF2697E6E300BDBC28 /* Model */ = {
			isa = PBXGroup;
			children = (
				BAC2DE6A26A66415003FAE2E /* ViewData */,
				BA87BBE02697E6F100BDBC28 /* MovieDetails.swift */,
				BA8DC4A026E26D9100FF9759 /* MovieTrailer.swift */,
			);
			path = Model;
			sourceTree = "<group>";
		};
		BA87BBE42699EA9D00BDBC28 /* View */ = {
			isa = PBXGroup;
			children = (
				BAD5DCD8288201C300FAEBD9 /* Cell */,
				BA87BBD52691172A00BDBC28 /* MovieDetailsView.swift */,
				BA87BBE52699EADE00BDBC28 /* MovieDetailsViewController.swift */,
				BA045E802872693A00AF34C4 /* MovieDetailsTableView.swift */,
			);
			path = View;
			sourceTree = "<group>";
		};
		BA87BBE7269BD98000BDBC28 /* Application */ = {
			isa = PBXGroup;
			children = (
				BA790809268A858E006DE9AB /* AppDelegate.swift */,
				BA79080B268A858E006DE9AB /* SceneDelegate.swift */,
			);
			path = Application;
			sourceTree = "<group>";
		};
		BA87BBE8269BD98D00BDBC28 /* Resource */ = {
			isa = PBXGroup;
			children = (
				BA79080F268A858F006DE9AB /* Assets.xcassets */,
				BA790814268A858F006DE9AB /* LaunchScreen.storyboard */,
				BA790817268A858F006DE9AB /* Info.plist */,
				BA8DC4A426E2F8D100FF9759 /* GoogleService-Info.plist */,
			);
			path = Resource;
			sourceTree = "<group>";
		};
		BA9A3A2A285EBDAC0008A487 /* InfoCineTest */ = {
			isa = PBXGroup;
			children = (
				BA9A3A2B285EBDAC0008A487 /* InfoCineTest.swift */,
				BA9A3A34285EC1FC0008A487 /* HomeViewControllerSpec.swift */,
			);
			path = InfoCineTest;
			sourceTree = "<group>";
		};
		BAC2DE6926A66246003FAE2E /* ViewModel */ = {
			isa = PBXGroup;
			children = (
				BA87BBD726953F5800BDBC28 /* MovieDetailsViewModel.swift */,
			);
			path = ViewModel;
			sourceTree = "<group>";
		};
		BAC2DE6A26A66415003FAE2E /* ViewData */ = {
			isa = PBXGroup;
			children = (
				BA87BBE22697EB2300BDBC28 /* DetailsViewData.swift */,
				BAB419DE289C93250028A737 /* RecommendationViewData.swift */,
			);
			path = ViewData;
			sourceTree = "<group>";
		};
		BAC52AA427234BE7004C946D /* PreLogin */ = {
			isa = PBXGroup;
			children = (
				BAD6E0A42729CA9900DE5147 /* VIew */,
				BAD6E0A32729CA9300DE5147 /* Controller */,
			);
			path = PreLogin;
			sourceTree = "<group>";
		};
		BAC8864226FB6E3300312830 /* Login */ = {
			isa = PBXGroup;
			children = (
				BAD6E0A02729CA7500DE5147 /* ViewModel */,
				BAD6E09F2729CA6500DE5147 /* View */,
				BAD6E09E2729CA5F00DE5147 /* Controler */,
			);
			path = Login;
			sourceTree = "<group>";
		};
		BAD5DCD8288201C300FAEBD9 /* Cell */ = {
			isa = PBXGroup;
			children = (
				BAD5DCD6288201A700FAEBD9 /* TrailerViewCell.swift */,
				BA045E7E286FC62600AF34C4 /* InfoContainerViewCell.swift */,
				BA045E8228726AF300AF34C4 /* DetailsViewCell.swift */,
				BAB419DC28999D5E0028A737 /* RecommendationViewCell.swift */,
			);
			path = Cell;
			sourceTree = "<group>";
		};
		BAD6E09527299AD000DE5147 /* Register */ = {
			isa = PBXGroup;
			children = (
				BAD6E0A72729CAB700DE5147 /* ViewModel */,
				BAD6E0A62729CAB300DE5147 /* View */,
				BAD6E0A52729CAA900DE5147 /* Controller */,
			);
			path = Register;
			sourceTree = "<group>";
		};
		BAD6E09E2729CA5F00DE5147 /* Controler */ = {
			isa = PBXGroup;
			children = (
				BAC8864526FB738C00312830 /* LoginViewController.swift */,
			);
			path = Controler;
			sourceTree = "<group>";
		};
		BAD6E09F2729CA6500DE5147 /* View */ = {
			isa = PBXGroup;
			children = (
				BAF308EB26E594E400418AB5 /* LoginView.swift */,
				BAC8864D26FD483800312830 /* LaunchView.swift */,
				BAC8864326FB6E4200312830 /* InputView.swift */,
				BAC8864926FB929700312830 /* WarningView.swift */,
			);
			path = View;
			sourceTree = "<group>";
		};
		BAD6E0A02729CA7500DE5147 /* ViewModel */ = {
			isa = PBXGroup;
			children = (
				BA5E849C270356E700F751A1 /* LoginViewModel.swift */,
			);
			path = ViewModel;
			sourceTree = "<group>";
		};
		BAD6E0A12729CA8200DE5147 /* Controller */ = {
			isa = PBXGroup;
			children = (
				BAC8864B26FD423A00312830 /* LaunchViewController.swift */,
			);
			path = Controller;
			sourceTree = "<group>";
		};
		BAD6E0A22729CA8900DE5147 /* ViewModel */ = {
			isa = PBXGroup;
			children = (
				BA5E849F27035FB200F751A1 /* LaunchViewModel.swift */,
			);
			path = ViewModel;
			sourceTree = "<group>";
		};
		BAD6E0A32729CA9300DE5147 /* Controller */ = {
			isa = PBXGroup;
			children = (
				BAC52AA527234BFE004C946D /* PreLoginViewController.swift */,
			);
			path = Controller;
			sourceTree = "<group>";
		};
		BAD6E0A42729CA9900DE5147 /* VIew */ = {
			isa = PBXGroup;
			children = (
				BAC52AA727234C8A004C946D /* PreLoginView.swift */,
			);
			path = VIew;
			sourceTree = "<group>";
		};
		BAD6E0A52729CAA900DE5147 /* Controller */ = {
			isa = PBXGroup;
			children = (
				BAD6E09627299B6300DE5147 /* RegisterViewController.swift */,
			);
			path = Controller;
			sourceTree = "<group>";
		};
		BAD6E0A62729CAB300DE5147 /* View */ = {
			isa = PBXGroup;
			children = (
				BAD6E09827299BA600DE5147 /* RegisterView.swift */,
			);
			path = View;
			sourceTree = "<group>";
		};
		BAD6E0A72729CAB700DE5147 /* ViewModel */ = {
			isa = PBXGroup;
			children = (
				BAD6E09A2729B7D600DE5147 /* RegisterViewModel.swift */,
			);
			path = ViewModel;
			sourceTree = "<group>";
		};
		BAD6E0AA2729EC2E00DE5147 /* Controller */ = {
			isa = PBXGroup;
			children = (
				BA0EA13926B4556200DCBA5A /* InComingViewController.swift */,
			);
			path = Controller;
			sourceTree = "<group>";
		};
		BAD6E0AB2729EC3400DE5147 /* View */ = {
			isa = PBXGroup;
			children = (
				BA0EA14126B859E200DCBA5A /* UpcomingViewCell.swift */,
			);
			path = View;
			sourceTree = "<group>";
		};
		BAE1E3A027B2AFCD00BB969B /* View */ = {
			isa = PBXGroup;
			children = (
				BA7454F82770BF3900D2793C /* UserMenuViewController.swift */,
				BA7454FA2770BF6900D2793C /* UserMenuView.swift */,
				BA7454FE2770F2AA00D2793C /* UserOptionCell.swift */,
				BA7455002770F3ED00D2793C /* UserMenuTableView.swift */,
			);
			path = View;
			sourceTree = "<group>";
		};
		BAE1E3A127B2AFE500BB969B /* Model */ = {
			isa = PBXGroup;
			children = (
				BA7455022770F57600D2793C /* UserMenuRequest.swift */,
				BA7455042770F5BC00D2793C /* BaseRequest.swift */,
				BA7455082770F84100D2793C /* Itens.swift */,
				BA7BEB572779286C00DBCC7E /* LoggedUser.swift */,
				BA74550A2770FAB600D2793C /* menu_itens.json */,
				BA7455062770F81000D2793C /* UserMenuViewModel.swift */,
			);
			path = Model;
			sourceTree = "<group>";
		};
		BAE1E3A227B2B01400BB969B /* AboutUs */ = {
			isa = PBXGroup;
			children = (
				BAE1E3A327B2B02E00BB969B /* AboutUsViewController.swift */,
				BAE1E3A527B2B05600BB969B /* AboutUsTableView.swift */,
				BAE1E3A727B2B0A800BB969B /* AboutUsViewModel.swift */,
				BAE1E3A927B2B8FC00BB969B /* AboutUsViewCell.swift */,
			);
			path = AboutUs;
			sourceTree = "<group>";
		};
/* End PBXGroup section */

/* Begin PBXNativeTarget section */
		BA790805268A858E006DE9AB /* Movie&Serie */ = {
			isa = PBXNativeTarget;
			buildConfigurationList = BA79081A268A858F006DE9AB /* Build configuration list for PBXNativeTarget "Movie&Serie" */;
			buildPhases = (
				22F6325A4D3162B1DD1C008B /* [CP] Check Pods Manifest.lock */,
				BA790802268A858E006DE9AB /* Sources */,
				BA790803268A858E006DE9AB /* Frameworks */,
				BA790804268A858E006DE9AB /* Resources */,
				BA78C6CE27330EEA009E9705 /* ShellScript */,
				A174188753AD544BD3BFCA07 /* [CP] Embed Pods Frameworks */,
			);
			buildRules = (
			);
			dependencies = (
			);
			name = "Movie&Serie";
			productName = "Movie&Serie";
			productReference = BA790806268A858E006DE9AB /* Movie&Serie.app */;
			productType = "com.apple.product-type.application";
		};
		BA9A3A28285EBDAC0008A487 /* InfoCineTest */ = {
			isa = PBXNativeTarget;
			buildConfigurationList = BA9A3A31285EBDAC0008A487 /* Build configuration list for PBXNativeTarget "InfoCineTest" */;
			buildPhases = (
				174DD5C2FCC465F9E45975B1 /* [CP] Check Pods Manifest.lock */,
				BA9A3A25285EBDAC0008A487 /* Sources */,
				BA9A3A26285EBDAC0008A487 /* Frameworks */,
				BA9A3A27285EBDAC0008A487 /* Resources */,
				FADD311D25975418689D36E7 /* [CP] Embed Pods Frameworks */,
			);
			buildRules = (
			);
			dependencies = (
				BA9A3A2E285EBDAC0008A487 /* PBXTargetDependency */,
			);
			name = InfoCineTest;
			productName = InfoCineTest;
			productReference = BA9A3A29285EBDAC0008A487 /* InfoCineTest.xctest */;
			productType = "com.apple.product-type.bundle.unit-test";
		};
/* End PBXNativeTarget section */

/* Begin PBXProject section */
		BA7907FE268A858E006DE9AB /* Project object */ = {
			isa = PBXProject;
			attributes = {
				LastSwiftUpdateCheck = 1340;
				LastUpgradeCheck = 1250;
				TargetAttributes = {
					BA790805268A858E006DE9AB = {
						CreatedOnToolsVersion = 12.5.1;
					};
					BA9A3A28285EBDAC0008A487 = {
						CreatedOnToolsVersion = 13.4.1;
						TestTargetID = BA790805268A858E006DE9AB;
					};
				};
			};
			buildConfigurationList = BA790801268A858E006DE9AB /* Build configuration list for PBXProject "Movie&Serie" */;
			compatibilityVersion = "Xcode 9.3";
			developmentRegion = en;
			hasScannedForEncodings = 0;
			knownRegions = (
				en,
				Base,
			);
			mainGroup = BA7907FD268A858E006DE9AB;
			productRefGroup = BA790807268A858E006DE9AB /* Products */;
			projectDirPath = "";
			projectRoot = "";
			targets = (
				BA790805268A858E006DE9AB /* Movie&Serie */,
				BA9A3A28285EBDAC0008A487 /* InfoCineTest */,
			);
		};
/* End PBXProject section */

/* Begin PBXResourcesBuildPhase section */
		BA790804268A858E006DE9AB /* Resources */ = {
			isa = PBXResourcesBuildPhase;
			buildActionMask = 2147483647;
			files = (
				BA790816268A858F006DE9AB /* LaunchScreen.storyboard in Resources */,
				BA8DC4A326E2F8BB00FF9759 /* GoogleService-Info.plist in Resources */,
				BA790813268A858F006DE9AB /* Preview Assets.xcassets in Resources */,
				BA74550B2770FAB600D2793C /* menu_itens.json in Resources */,
				BA790810268A858F006DE9AB /* Assets.xcassets in Resources */,
			);
			runOnlyForDeploymentPostprocessing = 0;
		};
		BA9A3A27285EBDAC0008A487 /* Resources */ = {
			isa = PBXResourcesBuildPhase;
			buildActionMask = 2147483647;
			files = (
			);
			runOnlyForDeploymentPostprocessing = 0;
		};
/* End PBXResourcesBuildPhase section */

/* Begin PBXShellScriptBuildPhase section */
		174DD5C2FCC465F9E45975B1 /* [CP] Check Pods Manifest.lock */ = {
			isa = PBXShellScriptBuildPhase;
			buildActionMask = 2147483647;
			files = (
			);
			inputFileListPaths = (
			);
			inputPaths = (
				"${PODS_PODFILE_DIR_PATH}/Podfile.lock",
				"${PODS_ROOT}/Manifest.lock",
			);
			name = "[CP] Check Pods Manifest.lock";
			outputFileListPaths = (
			);
			outputPaths = (
				"$(DERIVED_FILE_DIR)/Pods-InfoCineTest-checkManifestLockResult.txt",
			);
			runOnlyForDeploymentPostprocessing = 0;
			shellPath = /bin/sh;
			shellScript = "diff \"${PODS_PODFILE_DIR_PATH}/Podfile.lock\" \"${PODS_ROOT}/Manifest.lock\" > /dev/null\nif [ $? != 0 ] ; then\n    # print error to STDERR\n    echo \"error: The sandbox is not in sync with the Podfile.lock. Run 'pod install' or update your CocoaPods installation.\" >&2\n    exit 1\nfi\n# This output is used by Xcode 'outputs' to avoid re-running this script phase.\necho \"SUCCESS\" > \"${SCRIPT_OUTPUT_FILE_0}\"\n";
			showEnvVarsInLog = 0;
		};
		22F6325A4D3162B1DD1C008B /* [CP] Check Pods Manifest.lock */ = {
			isa = PBXShellScriptBuildPhase;
			buildActionMask = 2147483647;
			files = (
			);
			inputFileListPaths = (
			);
			inputPaths = (
				"${PODS_PODFILE_DIR_PATH}/Podfile.lock",
				"${PODS_ROOT}/Manifest.lock",
			);
			name = "[CP] Check Pods Manifest.lock";
			outputFileListPaths = (
			);
			outputPaths = (
				"$(DERIVED_FILE_DIR)/Pods-Movie&Serie-checkManifestLockResult.txt",
			);
			runOnlyForDeploymentPostprocessing = 0;
			shellPath = /bin/sh;
			shellScript = "diff \"${PODS_PODFILE_DIR_PATH}/Podfile.lock\" \"${PODS_ROOT}/Manifest.lock\" > /dev/null\nif [ $? != 0 ] ; then\n    # print error to STDERR\n    echo \"error: The sandbox is not in sync with the Podfile.lock. Run 'pod install' or update your CocoaPods installation.\" >&2\n    exit 1\nfi\n# This output is used by Xcode 'outputs' to avoid re-running this script phase.\necho \"SUCCESS\" > \"${SCRIPT_OUTPUT_FILE_0}\"\n";
			showEnvVarsInLog = 0;
		};
		A174188753AD544BD3BFCA07 /* [CP] Embed Pods Frameworks */ = {
			isa = PBXShellScriptBuildPhase;
			buildActionMask = 2147483647;
			files = (
			);
			inputFileListPaths = (
				"${PODS_ROOT}/Target Support Files/Pods-Movie&Serie/Pods-Movie&Serie-frameworks-${CONFIGURATION}-input-files.xcfilelist",
			);
			name = "[CP] Embed Pods Frameworks";
			outputFileListPaths = (
				"${PODS_ROOT}/Target Support Files/Pods-Movie&Serie/Pods-Movie&Serie-frameworks-${CONFIGURATION}-output-files.xcfilelist",
			);
			runOnlyForDeploymentPostprocessing = 0;
			shellPath = /bin/sh;
			shellScript = "\"${PODS_ROOT}/Target Support Files/Pods-Movie&Serie/Pods-Movie&Serie-frameworks.sh\"\n";
			showEnvVarsInLog = 0;
		};
		BA78C6CE27330EEA009E9705 /* ShellScript */ = {
			isa = PBXShellScriptBuildPhase;
			alwaysOutOfDate = 1;
			buildActionMask = 12;
			files = (
			);
			inputFileListPaths = (
			);
			inputPaths = (
				"${PODS_ROOT}/SwiftLint/swiftlint",
				"${PODS_ROOT}/Manifest.lock",
			);
			outputFileListPaths = (
			);
			outputPaths = (
			);
			runOnlyForDeploymentPostprocessing = 0;
			shellPath = /bin/sh;
			shellScript = "if which \"${PODS_ROOT}/SwiftLint/swiftlint\" >/dev/null; then\n    ${PODS_ROOT}/SwiftLint/swiftlint\nelse\n    echo \"warning: SwiftLint not installed, download from https://github.com/realm/SwiftLint\"\nfi\n";
		};
		FADD311D25975418689D36E7 /* [CP] Embed Pods Frameworks */ = {
			isa = PBXShellScriptBuildPhase;
			buildActionMask = 2147483647;
			files = (
			);
			inputFileListPaths = (
				"${PODS_ROOT}/Target Support Files/Pods-InfoCineTest/Pods-InfoCineTest-frameworks-${CONFIGURATION}-input-files.xcfilelist",
			);
			name = "[CP] Embed Pods Frameworks";
			outputFileListPaths = (
				"${PODS_ROOT}/Target Support Files/Pods-InfoCineTest/Pods-InfoCineTest-frameworks-${CONFIGURATION}-output-files.xcfilelist",
			);
			runOnlyForDeploymentPostprocessing = 0;
			shellPath = /bin/sh;
			shellScript = "\"${PODS_ROOT}/Target Support Files/Pods-InfoCineTest/Pods-InfoCineTest-frameworks.sh\"\n";
			showEnvVarsInLog = 0;
		};
/* End PBXShellScriptBuildPhase section */

/* Begin PBXSourcesBuildPhase section */
		BA790802268A858E006DE9AB /* Sources */ = {
			isa = PBXSourcesBuildPhase;
			buildActionMask = 2147483647;
			files = (
				BAD6E0A92729E2DB00DE5147 /* RegisterDelegate.swift in Sources */,
				BA045E8328726AF300AF34C4 /* DetailsViewCell.swift in Sources */,
				BA87BBCA2690EC9700BDBC28 /* ErrorView.swift in Sources */,
				BAD6E09727299B6300DE5147 /* RegisterViewController.swift in Sources */,
				BA0EA13226AF353C00DCBA5A /* MovieService.swift in Sources */,
				BA13C6D1268C12B400043F79 /* MovieViewData.swift in Sources */,
				BAF308EC26E594E400418AB5 /* LoginView.swift in Sources */,
				BA8FE0D6282B610F0022AEFC /* UICollectionView+Extension.swift in Sources */,
				BA87BBD62691172A00BDBC28 /* MovieDetailsView.swift in Sources */,
				BA79080A268A858E006DE9AB /* AppDelegate.swift in Sources */,
				BAC8864C26FD423A00312830 /* LaunchViewController.swift in Sources */,
				BA7455092770F84100D2793C /* Itens.swift in Sources */,
				BAB419DF289C93250028A737 /* RecommendationViewData.swift in Sources */,
				BA8FE0D4282B60BF0022AEFC /* UITableView+Extension.swift in Sources */,
				BA5E84A027035FB200F751A1 /* LaunchViewModel.swift in Sources */,
				BA249263268D22A100565245 /* HomeTableViewCell.swift in Sources */,
				BAC52AA827234C8A004C946D /* PreLoginView.swift in Sources */,
				BA7455032770F57600D2793C /* UserMenuRequest.swift in Sources */,
				BA13C6CF268C10F000043F79 /* MovieViewModel.swift in Sources */,
				BA0EA13026AF338500DCBA5A /* SearchViewModel.swift in Sources */,
				BAE1E3A827B2B0A800BB969B /* AboutUsViewModel.swift in Sources */,
				BAC8864E26FD483800312830 /* LaunchView.swift in Sources */,
				BA7454FB2770BF6900D2793C /* UserMenuView.swift in Sources */,
				BA87BBD826953F5900BDBC28 /* MovieDetailsViewModel.swift in Sources */,
				BAC8864A26FB929700312830 /* WarningView.swift in Sources */,
				BA249267268E214B00565245 /* HomeCollectionViewCell.swift in Sources */,
				BA045E7F286FC62600AF34C4 /* InfoContainerViewCell.swift in Sources */,
				BA87BBC6268FFB4B00BDBC28 /* GenreViewData.swift in Sources */,
				BA0EA12E26AF2D5E00DCBA5A /* SearchView.swift in Sources */,
				BAE1E3AA27B2B8FC00BB969B /* AboutUsViewCell.swift in Sources */,
				BA0EA12C26AF2C6D00DCBA5A /* SearchViewController.swift in Sources */,
				BA87BBDB26969D4C00BDBC28 /* UIColor_Extension.swift in Sources */,
				BA0EA14226B859E200DCBA5A /* UpcomingViewCell.swift in Sources */,
				BA8DC49F26E1A30600FF9759 /* UIView+Extension.swift in Sources */,
				BAC8864626FB738C00312830 /* LoginViewController.swift in Sources */,
				BA298ECA268AB8C700C90B21 /* Movie.swift in Sources */,
				BA7454FD2770F0EB00D2793C /* UIImageVIew+Extension.swift in Sources */,
				BAC2DE6726A6530B003FAE2E /* UIFont+Extension.swift in Sources */,
				BAC8864826FB7F2200312830 /* UIButton+Extension.swift in Sources */,
				BA79080C268A858E006DE9AB /* SceneDelegate.swift in Sources */,
				BA249265268E20D700565245 /* MovieCollectionView.swift in Sources */,
				BAE3459527D242E900DF1360 /* TopMovieViewCell.swift in Sources */,
				BA298EC3268A9DC800C90B21 /* ViewConfiguration.swift in Sources */,
				BA56E3F926C60267008C3CA6 /* MovieDetailsProtocol.swift in Sources */,
				BA126C0A26D32CA2007E731A /* MovieUserDefaults.swift in Sources */,
				BA87BBE12697E6F100BDBC28 /* MovieDetails.swift in Sources */,
				BA7455012770F3ED00D2793C /* UserMenuTableView.swift in Sources */,
				BA87BBC4268FFA9400BDBC28 /* Genre.swift in Sources */,
				BA298EC5268AACE400C90B21 /* HomeTableView.swift in Sources */,
				BAE1E3A627B2B05600BB969B /* AboutUsTableView.swift in Sources */,
				BA0EA13A26B4556200DCBA5A /* InComingViewController.swift in Sources */,
				BA298EC0268A9B5400C90B21 /* TabBarController.swift in Sources */,
				BA126C0726D1770D007E731A /* MovieHeaderSection.swift in Sources */,
				BA6AB22C269E8C2A0051D84A /* DetailsModalView.swift in Sources */,
				BA87BBC2268FE48600BDBC28 /* MovieSettings.swift in Sources */,
				BA5E849D270356E700F751A1 /* LoginViewModel.swift in Sources */,
				BA7455072770F81000D2793C /* UserMenuViewModel.swift in Sources */,
				BA93918E2721EBE9004F2F85 /* EmptyView.swift in Sources */,
				BA045E812872693B00AF34C4 /* MovieDetailsTableView.swift in Sources */,
				BA87BBD426910E5B00BDBC28 /* MovieModalViewController.swift in Sources */,
				BA0EA13526B0855C00DCBA5A /* MovieCollectionViewProtocol.swift in Sources */,
				BA7455052770F5BC00D2793C /* BaseRequest.swift in Sources */,
				BAB419DD28999D5E0028A737 /* RecommendationViewCell.swift in Sources */,
				BAD5DCD7288201A700FAEBD9 /* TrailerViewCell.swift in Sources */,
				BAD6E09927299BA600DE5147 /* RegisterView.swift in Sources */,
				BAD6E09B2729B7D600DE5147 /* RegisterViewModel.swift in Sources */,
				BA7454FF2770F2AB00D2793C /* UserOptionCell.swift in Sources */,
				BA87BBE32697EB2300BDBC28 /* DetailsViewData.swift in Sources */,
				BA8DC4A126E26D9100FF9759 /* MovieTrailer.swift in Sources */,
				BA87BBE62699EADE00BDBC28 /* MovieDetailsViewController.swift in Sources */,
				BAE3459E27DBBA9100DF1360 /* ProfilePhotoViewController.swift in Sources */,
				BA298ECD268AB93700C90B21 /* Constants.swift in Sources */,
				BAE1E3A427B2B02E00BB969B /* AboutUsViewController.swift in Sources */,
				BA6AB232269FA8B00051D84A /* UILabel+Extension.swift in Sources */,
				BA790820268A8667006DE9AB /* HomeViewController.swift in Sources */,
				BA7454F92770BF3900D2793C /* UserMenuViewController.swift in Sources */,
				BAC8864426FB6E4200312830 /* InputView.swift in Sources */,
				BAC52AA627234BFE004C946D /* PreLoginViewController.swift in Sources */,
				BA6AB22A269E81520051D84A /* PresentationSettings.swift in Sources */,
				BA56E3F726C2227D008C3CA6 /* String+Extension.swift in Sources */,
				BAD6E09D2729C5FF00DE5147 /* BaseViewController.swift in Sources */,
				BAE3459B27DB8EC200DF1360 /* RadioButton.swift in Sources */,
				BA7BEB582779286C00DBCC7E /* LoggedUser.swift in Sources */,
			);
			runOnlyForDeploymentPostprocessing = 0;
		};
		BA9A3A25285EBDAC0008A487 /* Sources */ = {
			isa = PBXSourcesBuildPhase;
			buildActionMask = 2147483647;
			files = (
				BA9A3A35285EC1FC0008A487 /* HomeViewControllerSpec.swift in Sources */,
				BA9A3A2C285EBDAC0008A487 /* InfoCineTest.swift in Sources */,
			);
			runOnlyForDeploymentPostprocessing = 0;
		};
/* End PBXSourcesBuildPhase section */

/* Begin PBXTargetDependency section */
		BA9A3A2E285EBDAC0008A487 /* PBXTargetDependency */ = {
			isa = PBXTargetDependency;
			target = BA790805268A858E006DE9AB /* Movie&Serie */;
			targetProxy = BA9A3A2D285EBDAC0008A487 /* PBXContainerItemProxy */;
		};
/* End PBXTargetDependency section */

/* Begin PBXVariantGroup section */
		BA790814268A858F006DE9AB /* LaunchScreen.storyboard */ = {
			isa = PBXVariantGroup;
			children = (
				BA790815268A858F006DE9AB /* Base */,
			);
			name = LaunchScreen.storyboard;
			sourceTree = "<group>";
		};
/* End PBXVariantGroup section */

/* Begin XCBuildConfiguration section */
		BA790818268A858F006DE9AB /* Debug */ = {
			isa = XCBuildConfiguration;
			buildSettings = {
				ALWAYS_SEARCH_USER_PATHS = NO;
				CLANG_ANALYZER_NONNULL = YES;
				CLANG_ANALYZER_NUMBER_OBJECT_CONVERSION = YES_AGGRESSIVE;
				CLANG_CXX_LANGUAGE_STANDARD = "gnu++14";
				CLANG_CXX_LIBRARY = "libc++";
				CLANG_ENABLE_MODULES = YES;
				CLANG_ENABLE_OBJC_ARC = YES;
				CLANG_ENABLE_OBJC_WEAK = YES;
				CLANG_WARN_BLOCK_CAPTURE_AUTORELEASING = YES;
				CLANG_WARN_BOOL_CONVERSION = YES;
				CLANG_WARN_COMMA = YES;
				CLANG_WARN_CONSTANT_CONVERSION = YES;
				CLANG_WARN_DEPRECATED_OBJC_IMPLEMENTATIONS = YES;
				CLANG_WARN_DIRECT_OBJC_ISA_USAGE = YES_ERROR;
				CLANG_WARN_DOCUMENTATION_COMMENTS = YES;
				CLANG_WARN_EMPTY_BODY = YES;
				CLANG_WARN_ENUM_CONVERSION = YES;
				CLANG_WARN_INFINITE_RECURSION = YES;
				CLANG_WARN_INT_CONVERSION = YES;
				CLANG_WARN_NON_LITERAL_NULL_CONVERSION = YES;
				CLANG_WARN_OBJC_IMPLICIT_RETAIN_SELF = YES;
				CLANG_WARN_OBJC_LITERAL_CONVERSION = YES;
				CLANG_WARN_OBJC_ROOT_CLASS = YES_ERROR;
				CLANG_WARN_QUOTED_INCLUDE_IN_FRAMEWORK_HEADER = YES;
				CLANG_WARN_RANGE_LOOP_ANALYSIS = YES;
				CLANG_WARN_STRICT_PROTOTYPES = YES;
				CLANG_WARN_SUSPICIOUS_MOVE = YES;
				CLANG_WARN_UNGUARDED_AVAILABILITY = YES_AGGRESSIVE;
				CLANG_WARN_UNREACHABLE_CODE = YES;
				CLANG_WARN__DUPLICATE_METHOD_MATCH = YES;
				COPY_PHASE_STRIP = NO;
				DEBUG_INFORMATION_FORMAT = dwarf;
				ENABLE_STRICT_OBJC_MSGSEND = YES;
				ENABLE_TESTABILITY = YES;
				GCC_C_LANGUAGE_STANDARD = gnu11;
				GCC_DYNAMIC_NO_PIC = NO;
				GCC_NO_COMMON_BLOCKS = YES;
				GCC_OPTIMIZATION_LEVEL = 0;
				GCC_PREPROCESSOR_DEFINITIONS = (
					"DEBUG=1",
					"$(inherited)",
				);
				GCC_WARN_64_TO_32_BIT_CONVERSION = YES;
				GCC_WARN_ABOUT_RETURN_TYPE = YES_ERROR;
				GCC_WARN_UNDECLARED_SELECTOR = YES;
				GCC_WARN_UNINITIALIZED_AUTOS = YES_AGGRESSIVE;
				GCC_WARN_UNUSED_FUNCTION = YES;
				GCC_WARN_UNUSED_VARIABLE = YES;
				IPHONEOS_DEPLOYMENT_TARGET = 15.5;
				MTL_ENABLE_DEBUG_INFO = INCLUDE_SOURCE;
				MTL_FAST_MATH = YES;
				ONLY_ACTIVE_ARCH = YES;
				SDKROOT = iphoneos;
				SWIFT_ACTIVE_COMPILATION_CONDITIONS = DEBUG;
				SWIFT_OPTIMIZATION_LEVEL = "-Onone";
			};
			name = Debug;
		};
		BA790819268A858F006DE9AB /* Release */ = {
			isa = XCBuildConfiguration;
			buildSettings = {
				ALWAYS_SEARCH_USER_PATHS = NO;
				CLANG_ANALYZER_NONNULL = YES;
				CLANG_ANALYZER_NUMBER_OBJECT_CONVERSION = YES_AGGRESSIVE;
				CLANG_CXX_LANGUAGE_STANDARD = "gnu++14";
				CLANG_CXX_LIBRARY = "libc++";
				CLANG_ENABLE_MODULES = YES;
				CLANG_ENABLE_OBJC_ARC = YES;
				CLANG_ENABLE_OBJC_WEAK = YES;
				CLANG_WARN_BLOCK_CAPTURE_AUTORELEASING = YES;
				CLANG_WARN_BOOL_CONVERSION = YES;
				CLANG_WARN_COMMA = YES;
				CLANG_WARN_CONSTANT_CONVERSION = YES;
				CLANG_WARN_DEPRECATED_OBJC_IMPLEMENTATIONS = YES;
				CLANG_WARN_DIRECT_OBJC_ISA_USAGE = YES_ERROR;
				CLANG_WARN_DOCUMENTATION_COMMENTS = YES;
				CLANG_WARN_EMPTY_BODY = YES;
				CLANG_WARN_ENUM_CONVERSION = YES;
				CLANG_WARN_INFINITE_RECURSION = YES;
				CLANG_WARN_INT_CONVERSION = YES;
				CLANG_WARN_NON_LITERAL_NULL_CONVERSION = YES;
				CLANG_WARN_OBJC_IMPLICIT_RETAIN_SELF = YES;
				CLANG_WARN_OBJC_LITERAL_CONVERSION = YES;
				CLANG_WARN_OBJC_ROOT_CLASS = YES_ERROR;
				CLANG_WARN_QUOTED_INCLUDE_IN_FRAMEWORK_HEADER = YES;
				CLANG_WARN_RANGE_LOOP_ANALYSIS = YES;
				CLANG_WARN_STRICT_PROTOTYPES = YES;
				CLANG_WARN_SUSPICIOUS_MOVE = YES;
				CLANG_WARN_UNGUARDED_AVAILABILITY = YES_AGGRESSIVE;
				CLANG_WARN_UNREACHABLE_CODE = YES;
				CLANG_WARN__DUPLICATE_METHOD_MATCH = YES;
				COPY_PHASE_STRIP = NO;
				DEBUG_INFORMATION_FORMAT = "dwarf-with-dsym";
				ENABLE_NS_ASSERTIONS = NO;
				ENABLE_STRICT_OBJC_MSGSEND = YES;
				GCC_C_LANGUAGE_STANDARD = gnu11;
				GCC_NO_COMMON_BLOCKS = YES;
				GCC_WARN_64_TO_32_BIT_CONVERSION = YES;
				GCC_WARN_ABOUT_RETURN_TYPE = YES_ERROR;
				GCC_WARN_UNDECLARED_SELECTOR = YES;
				GCC_WARN_UNINITIALIZED_AUTOS = YES_AGGRESSIVE;
				GCC_WARN_UNUSED_FUNCTION = YES;
				GCC_WARN_UNUSED_VARIABLE = YES;
				IPHONEOS_DEPLOYMENT_TARGET = 15.5;
				MTL_ENABLE_DEBUG_INFO = NO;
				MTL_FAST_MATH = YES;
				SDKROOT = iphoneos;
				SWIFT_COMPILATION_MODE = wholemodule;
				SWIFT_OPTIMIZATION_LEVEL = "-O";
				VALIDATE_PRODUCT = YES;
			};
			name = Release;
		};
		BA79081B268A858F006DE9AB /* Debug */ = {
			isa = XCBuildConfiguration;
			baseConfigurationReference = C9B709091A640D29C4045680 /* Pods-Movie&Serie.debug.xcconfig */;
			buildSettings = {
				ASSETCATALOG_COMPILER_APPICON_NAME = AppIcon;
				ASSETCATALOG_COMPILER_GLOBAL_ACCENT_COLOR_NAME = AccentColor;
				CODE_SIGN_STYLE = Automatic;
				DEVELOPMENT_ASSET_PATHS = "\"Movie&Serie/Preview Content\"";
				DEVELOPMENT_TEAM = 3GUZLD9BWR;
				ENABLE_PREVIEWS = YES;
				INFOPLIST_FILE = "Movie&Serie/Resource/Info.plist";
				LD_RUNPATH_SEARCH_PATHS = (
					"$(inherited)",
					"@executable_path/Frameworks",
				);
				PRODUCT_BUNDLE_IDENTIFIER = "br.breno.Movie-Serie";
				PRODUCT_NAME = "$(TARGET_NAME)";
				SWIFT_VERSION = 5.0;
				TARGETED_DEVICE_FAMILY = "1,2";
			};
			name = Debug;
		};
		BA79081C268A858F006DE9AB /* Release */ = {
			isa = XCBuildConfiguration;
			baseConfigurationReference = BE797866E102462D34C3EE34 /* Pods-Movie&Serie.release.xcconfig */;
			buildSettings = {
				ASSETCATALOG_COMPILER_APPICON_NAME = AppIcon;
				ASSETCATALOG_COMPILER_GLOBAL_ACCENT_COLOR_NAME = AccentColor;
				CODE_SIGN_STYLE = Automatic;
				DEVELOPMENT_ASSET_PATHS = "\"Movie&Serie/Preview Content\"";
				DEVELOPMENT_TEAM = 3GUZLD9BWR;
				ENABLE_PREVIEWS = YES;
				INFOPLIST_FILE = "Movie&Serie/Resource/Info.plist";
				LD_RUNPATH_SEARCH_PATHS = (
					"$(inherited)",
					"@executable_path/Frameworks",
				);
				PRODUCT_BUNDLE_IDENTIFIER = "br.breno.Movie-Serie";
				PRODUCT_NAME = "$(TARGET_NAME)";
				SWIFT_VERSION = 5.0;
				TARGETED_DEVICE_FAMILY = "1,2";
			};
			name = Release;
		};
		BA9A3A2F285EBDAC0008A487 /* Debug */ = {
			isa = XCBuildConfiguration;
			baseConfigurationReference = 9EF30EDFF2B6C5C7554AC700 /* Pods-InfoCineTest.debug.xcconfig */;
			buildSettings = {
				BUNDLE_LOADER = "$(TEST_HOST)";
				CLANG_CXX_LANGUAGE_STANDARD = "gnu++17";
				CODE_SIGN_STYLE = Automatic;
				CURRENT_PROJECT_VERSION = 1;
				DEVELOPMENT_TEAM = 3GUZLD9BWR;
				GENERATE_INFOPLIST_FILE = YES;
				IPHONEOS_DEPLOYMENT_TARGET = 15.5;
				MARKETING_VERSION = 1.0;
				PRODUCT_BUNDLE_IDENTIFIER = br.breno.InfoCineTest;
				PRODUCT_NAME = "$(TARGET_NAME)";
				SWIFT_EMIT_LOC_STRINGS = NO;
				SWIFT_VERSION = 5.0;
				TARGETED_DEVICE_FAMILY = "1,2";
				TEST_HOST = "$(BUILT_PRODUCTS_DIR)/Movie&Serie.app/Movie&Serie";
			};
			name = Debug;
		};
		BA9A3A30285EBDAC0008A487 /* Release */ = {
			isa = XCBuildConfiguration;
			baseConfigurationReference = 533580CB9B8DBD03E038DD9D /* Pods-InfoCineTest.release.xcconfig */;
			buildSettings = {
				BUNDLE_LOADER = "$(TEST_HOST)";
				CLANG_CXX_LANGUAGE_STANDARD = "gnu++17";
				CODE_SIGN_STYLE = Automatic;
				CURRENT_PROJECT_VERSION = 1;
				DEVELOPMENT_TEAM = 3GUZLD9BWR;
				GENERATE_INFOPLIST_FILE = YES;
				IPHONEOS_DEPLOYMENT_TARGET = 15.5;
				MARKETING_VERSION = 1.0;
				PRODUCT_BUNDLE_IDENTIFIER = br.breno.InfoCineTest;
				PRODUCT_NAME = "$(TARGET_NAME)";
				SWIFT_EMIT_LOC_STRINGS = NO;
				SWIFT_VERSION = 5.0;
				TARGETED_DEVICE_FAMILY = "1,2";
				TEST_HOST = "$(BUILT_PRODUCTS_DIR)/Movie&Serie.app/Movie&Serie";
			};
			name = Release;
		};
/* End XCBuildConfiguration section */

/* Begin XCConfigurationList section */
		BA790801268A858E006DE9AB /* Build configuration list for PBXProject "Movie&Serie" */ = {
			isa = XCConfigurationList;
			buildConfigurations = (
				BA790818268A858F006DE9AB /* Debug */,
				BA790819268A858F006DE9AB /* Release */,
			);
			defaultConfigurationIsVisible = 0;
			defaultConfigurationName = Release;
		};
		BA79081A268A858F006DE9AB /* Build configuration list for PBXNativeTarget "Movie&Serie" */ = {
			isa = XCConfigurationList;
			buildConfigurations = (
				BA79081B268A858F006DE9AB /* Debug */,
				BA79081C268A858F006DE9AB /* Release */,
			);
			defaultConfigurationIsVisible = 0;
			defaultConfigurationName = Release;
		};
		BA9A3A31285EBDAC0008A487 /* Build configuration list for PBXNativeTarget "InfoCineTest" */ = {
			isa = XCConfigurationList;
			buildConfigurations = (
				BA9A3A2F285EBDAC0008A487 /* Debug */,
				BA9A3A30285EBDAC0008A487 /* Release */,
			);
			defaultConfigurationIsVisible = 0;
			defaultConfigurationName = Release;
		};
/* End XCConfigurationList section */
	};
	rootObject = BA7907FE268A858E006DE9AB /* Project object */;
}
